# This file is automatically @generated by Cargo.
# It is not intended for manual editing.
version = 4

[[package]]
name = "mwhash"
version = "0.1.1"
source = "registry+https://github.com/rust-lang/crates.io-index"
checksum = "2c0bb1f16ed92d6ca8db9d8a191a59165dd12e4488fd715c1ea1d80e037716d3"

[[package]]
name = "mwlz"
version = "0.1.0"
dependencies = [
 "mwhash",
]
